
Microsoft Visual Studio Solution File, Format Version 12.00
# Visual Studio Version 17
VisualStudioVersion = 17.5.33530.505
MinimumVisualStudioVersion = 10.0.40219.1
Project("{FAE04EC0-301F-11D3-BF4B-00C04F79EFBC}") = "app-web-backend", "app-web-backend\app-web-backend.csproj", "{1A7D53F0-C849-4BF4-9988-BB79DC04E46E}"
EndProject
Global
	GlobalSection(SolutionConfigurationPlatforms) = preSolution
		Debug|Any CPU = Debug|Any CPU
		Release|Any CPU = Release|Any CPU
	EndGlobalSection
	GlobalSection(ProjectConfigurationPlatforms) = postSolution
		{1A7D53F0-C849-4BF4-9988-BB79DC04E46E}.Debug|Any CPU.ActiveCfg = Debug|Any CPU
		{1A7D53F0-C849-4BF4-9988-BB79DC04E46E}.Debug|Any CPU.Build.0 = Debug|Any CPU
		{1A7D53F0-C849-4BF4-9988-BB79DC04E46E}.Release|Any CPU.ActiveCfg = Release|Any CPU
		{1A7D53F0-C849-4BF4-9988-BB79DC04E46E}.Release|Any CPU.Build.0 = Release|Any CPU
	EndGlobalSection
	GlobalSection(SolutionProperties) = preSolution
		HideSolutionNode = FALSE
	EndGlobalSection
	GlobalSection(ExtensibilityGlobals) = postSolution
		SolutionGuid = {55DA4D09-E7E5-40DB-8D89-43CC5DA9ED70}
	EndGlobalSection
EndGlobal
